
Microsoft Visual Studio Solution File, Format Version 12.00
# Visual Studio Version 16
VisualStudioVersion = 16.0.30225.117
MinimumVisualStudioVersion = 10.0.40219.1
Project("{FAE04EC0-301F-11D3-BF4B-00C04F79EFBC}") = "ejercicioLp2-u2", "ejercicioLp2-u2\ejercicioLp2-u2.csproj", "{0C623492-F9A6-4FDE-AA35-375491FB766F}"
EndProject
Global
	GlobalSection(SolutionConfigurationPlatforms) = preSolution
		Debug|Any CPU = Debug|Any CPU
		Release|Any CPU = Release|Any CPU
	EndGlobalSection
	GlobalSection(ProjectConfigurationPlatforms) = postSolution
		{0C623492-F9A6-4FDE-AA35-375491FB766F}.Debug|Any CPU.ActiveCfg = Debug|Any CPU
		{0C623492-F9A6-4FDE-AA35-375491FB766F}.Debug|Any CPU.Build.0 = Debug|Any CPU
		{0C623492-F9A6-4FDE-AA35-375491FB766F}.Release|Any CPU.ActiveCfg = Release|Any CPU
		{0C623492-F9A6-4FDE-AA35-375491FB766F}.Release|Any CPU.Build.0 = Release|Any CPU
	EndGlobalSection
	GlobalSection(SolutionProperties) = preSolution
		HideSolutionNode = FALSE
	EndGlobalSection
	GlobalSection(ExtensibilityGlobals) = postSolution
		SolutionGuid = {20B7B62D-690C-4C38-9334-5A52CE77479B}
	EndGlobalSection
EndGlobal
